// !$*UTF8*$!
{
	archiveVersion = 1;
	classes = {
	};
	objectVersion = 56;
	objects = {

/* Begin PBXBuildFile section */
		DD2931B929B649BF00C25590 /* AppDelegate.swift in Sources */ = {isa = PBXBuildFile; fileRef = DD2931B829B649BF00C25590 /* AppDelegate.swift */; };
		DD2931BB29B649BF00C25590 /* SceneDelegate.swift in Sources */ = {isa = PBXBuildFile; fileRef = DD2931BA29B649BF00C25590 /* SceneDelegate.swift */; };
		DD2931BD29B649BF00C25590 /* ViewController.swift in Sources */ = {isa = PBXBuildFile; fileRef = DD2931BC29B649BF00C25590 /* ViewController.swift */; };
		DD2931C029B649BF00C25590 /* Main.storyboard in Resources */ = {isa = PBXBuildFile; fileRef = DD2931BE29B649BF00C25590 /* Main.storyboard */; };
		DD2931C229B649C500C25590 /* Assets.xcassets in Resources */ = {isa = PBXBuildFile; fileRef = DD2931C129B649C500C25590 /* Assets.xcassets */; };
		DD2931C529B649C500C25590 /* LaunchScreen.storyboard in Resources */ = {isa = PBXBuildFile; fileRef = DD2931C329B649C500C25590 /* LaunchScreen.storyboard */; };
		DD2931CE29B64A4300C25590 /* Alamofire in Frameworks */ = {isa = PBXBuildFile; productRef = DD2931CD29B64A4300C25590 /* Alamofire */; };
		DD2931D129B64AF400C25590 /* AlamofireImage in Frameworks */ = {isa = PBXBuildFile; productRef = DD2931D029B64AF400C25590 /* AlamofireImage */; };
		DD2931D329B64C0800C25590 /* MovieTableCell.swift in Sources */ = {isa = PBXBuildFile; fileRef = DD2931D229B64C0800C25590 /* MovieTableCell.swift */; };
		DD2931D629B65CF900C25590 /* Nuke in Frameworks */ = {isa = PBXBuildFile; productRef = DD2931D529B65CF900C25590 /* Nuke */; };
		DD2931D829B6722900C25590 /* MovieDetailViewController.swift in Sources */ = {isa = PBXBuildFile; fileRef = DD2931D729B6722900C25590 /* MovieDetailViewController.swift */; };
/* End PBXBuildFile section */

/* Begin PBXFileReference section */
		DD2931B529B649BF00C25590 /* Flixter1.2.app */ = {isa = PBXFileReference; explicitFileType = wrapper.application; includeInIndex = 0; path = Flixter1.2.app; sourceTree = BUILT_PRODUCTS_DIR; };
		DD2931B829B649BF00C25590 /* AppDelegate.swift */ = {isa = PBXFileReference; lastKnownFileType = sourcecode.swift; path = AppDelegate.swift; sourceTree = "<group>"; };
		DD2931BA29B649BF00C25590 /* SceneDelegate.swift */ = {isa = PBXFileReference; lastKnownFileType = sourcecode.swift; path = SceneDelegate.swift; sourceTree = "<group>"; };
		DD2931BC29B649BF00C25590 /* ViewController.swift */ = {isa = PBXFileReference; lastKnownFileType = sourcecode.swift; path = ViewController.swift; sourceTree = "<group>"; };
		DD2931BF29B649BF00C25590 /* Base */ = {isa = PBXFileReference; lastKnownFileType = file.storyboard; name = Base; path = Base.lproj/Main.storyboard; sourceTree = "<group>"; };
		DD2931C129B649C500C25590 /* Assets.xcassets */ = {isa = PBXFileReference; lastKnownFileType = folder.assetcatalog; path = Assets.xcassets; sourceTree = "<group>"; };
		DD2931C429B649C500C25590 /* Base */ = {isa = PBXFileReference; lastKnownFileType = file.storyboard; name = Base; path = Base.lproj/LaunchScreen.storyboard; sourceTree = "<group>"; };
		DD2931C629B649C500C25590 /* Info.plist */ = {isa = PBXFileReference; lastKnownFileType = text.plist.xml; path = Info.plist; sourceTree = "<group>"; };
		DD2931D229B64C0800C25590 /* MovieTableCell.swift */ = {isa = PBXFileReference; lastKnownFileType = sourcecode.swift; path = MovieTableCell.swift; sourceTree = "<group>"; };
		DD2931D729B6722900C25590 /* MovieDetailViewController.swift */ = {isa = PBXFileReference; lastKnownFileType = sourcecode.swift; path = MovieDetailViewController.swift; sourceTree = "<group>"; };
/* End PBXFileReference section */

/* Begin PBXFrameworksBuildPhase section */
		DD2931B229B649BF00C25590 /* Frameworks */ = {
			isa = PBXFrameworksBuildPhase;
			buildActionMask = 2147483647;
			files = (
				DD2931D629B65CF900C25590 /* Nuke in Frameworks */,
				DD2931CE29B64A4300C25590 /* Alamofire in Frameworks */,
				DD2931D129B64AF400C25590 /* AlamofireImage in Frameworks */,
			);
			runOnlyForDeploymentPostprocessing = 0;
		};
/* End PBXFrameworksBuildPhase section */

/* Begin PBXGroup section */
		DD2931AC29B649BF00C25590 = {
			isa = PBXGroup;
			children = (
				DD2931B729B649BF00C25590 /* Flixter1.2 */,
				DD2931B629B649BF00C25590 /* Products */,
			);
			sourceTree = "<group>";
		};
		DD2931B629B649BF00C25590 /* Products */ = {
			isa = PBXGroup;
			children = (
				DD2931B529B649BF00C25590 /* Flixter1.2.app */,
			);
			name = Products;
			sourceTree = "<group>";
		};
		DD2931B729B649BF00C25590 /* Flixter1.2 */ = {
			isa = PBXGroup;
			children = (
				DD2931B829B649BF00C25590 /* AppDelegate.swift */,
				DD2931BA29B649BF00C25590 /* SceneDelegate.swift */,
				DD2931BC29B649BF00C25590 /* ViewController.swift */,
				DD2931BE29B649BF00C25590 /* Main.storyboard */,
				DD2931D729B6722900C25590 /* MovieDetailViewController.swift */,
				DD2931D229B64C0800C25590 /* MovieTableCell.swift */,
				DD2931C129B649C500C25590 /* Assets.xcassets */,
				DD2931C329B649C500C25590 /* LaunchScreen.storyboard */,
				DD2931C629B649C500C25590 /* Info.plist */,
			);
			path = Flixter1.2;
			sourceTree = "<group>";
		};
/* End PBXGroup section */

/* Begin PBXNativeTarget section */
		DD2931B429B649BF00C25590 /* Flixter1.2 */ = {
			isa = PBXNativeTarget;
			buildConfigurationList = DD2931C929B649C500C25590 /* Build configuration list for PBXNativeTarget "Flixter1.2" */;
			buildPhases = (
				DD2931B129B649BF00C25590 /* Sources */,
				DD2931B229B649BF00C25590 /* Frameworks */,
				DD2931B329B649BF00C25590 /* Resources */,
			);
			buildRules = (
			);
			dependencies = (
			);
			name = Flixter1.2;
			packageProductDependencies = (
				DD2931CD29B64A4300C25590 /* Alamofire */,
				DD2931D029B64AF400C25590 /* AlamofireImage */,
				DD2931D529B65CF900C25590 /* Nuke */,
			);
			productName = Flixter1.2;
			productReference = DD2931B529B649BF00C25590 /* Flixter1.2.app */;
			productType = "com.apple.product-type.application";
		};
/* End PBXNativeTarget section */

/* Begin PBXProject section */
		DD2931AD29B649BF00C25590 /* Project object */ = {
			isa = PBXProject;
			attributes = {
				BuildIndependentTargetsInParallel = 1;
				LastSwiftUpdateCheck = 1420;
				LastUpgradeCheck = 1420;
				TargetAttributes = {
					DD2931B429B649BF00C25590 = {
						CreatedOnToolsVersion = 14.2;
					};
				};
			};
			buildConfigurationList = DD2931B029B649BF00C25590 /* Build configuration list for PBXProject "Flixter1.2" */;
			compatibilityVersion = "Xcode 14.0";
			developmentRegion = en;
			hasScannedForEncodings = 0;
			knownRegions = (
				en,
				Base,
			);
			mainGroup = DD2931AC29B649BF00C25590;
			packageReferences = (
				DD2931CC29B64A4300C25590 /* XCRemoteSwiftPackageReference "Alamofire" */,
				DD2931CF29B64AF400C25590 /* XCRemoteSwiftPackageReference "AlamofireImage" */,
				DD2931D429B65CF900C25590 /* XCRemoteSwiftPackageReference "Nuke" */,
			);
			productRefGroup = DD2931B629B649BF00C25590 /* Products */;
			projectDirPath = "";
			projectRoot = "";
			targets = (
				DD2931B429B649BF00C25590 /* Flixter1.2 */,
			);
		};
/* End PBXProject section */

/* Begin PBXResourcesBuildPhase section */
		DD2931B329B649BF00C25590 /* Resources */ = {
			isa = PBXResourcesBuildPhase;
			buildActionMask = 2147483647;
			files = (
				DD2931C529B649C500C25590 /* LaunchScreen.storyboard in Resources */,
				DD2931C229B649C500C25590 /* Assets.xcassets in Resources */,
				DD2931C029B649BF00C25590 /* Main.storyboard in Resources */,
			);
			runOnlyForDeploymentPostprocessing = 0;
		};
/* End PBXResourcesBuildPhase section */

/* Begin PBXSourcesBuildPhase section */
		DD2931B129B649BF00C25590 /* Sources */ = {
			isa = PBXSourcesBuildPhase;
			buildActionMask = 2147483647;
			files = (
				DD2931BD29B649BF00C25590 /* ViewController.swift in Sources */,
				DD2931D829B6722900C25590 /* MovieDetailViewController.swift in Sources */,
				DD2931B929B649BF00C25590 /* AppDelegate.swift in Sources */,
				DD2931BB29B649BF00C25590 /* SceneDelegate.swift in Sources */,
				DD2931D329B64C0800C25590 /* MovieTableCell.swift in Sources */,
			);
			runOnlyForDeploymentPostprocessing = 0;
		};
/* End PBXSourcesBuildPhase section */

/* Begin PBXVariantGroup section */
		DD2931BE29B649BF00C25590 /* Main.storyboard */ = {
			isa = PBXVariantGroup;
			children = (
				DD2931BF29B649BF00C25590 /* Base */,
			);
			name = Main.storyboard;
			sourceTree = "<group>";
		};
		DD2931C329B649C500C25590 /* LaunchScreen.storyboard */ = {
			isa = PBXVariantGroup;
			children = (
				DD2931C429B649C500C25590 /* Base */,
			);
			name = LaunchScreen.storyboard;
			sourceTree = "<group>";
		};
/* End PBXVariantGroup section */

/* Begin XCBuildConfiguration section */
		DD2931C729B649C500C25590 /* Debug */ = {
			isa = XCBuildConfiguration;
			buildSettings = {
				ALWAYS_SEARCH_USER_PATHS = NO;
				CLANG_ANALYZER_NONNULL = YES;
				CLANG_ANALYZER_NUMBER_OBJECT_CONVERSION = YES_AGGRESSIVE;
				CLANG_CXX_LANGUAGE_STANDARD = "gnu++20";
				CLANG_ENABLE_MODULES = YES;
				CLANG_ENABLE_OBJC_ARC = YES;
				CLANG_ENABLE_OBJC_WEAK = YES;
				CLANG_WARN_BLOCK_CAPTURE_AUTORELEASING = YES;
				CLANG_WARN_BOOL_CONVERSION = YES;
				CLANG_WARN_COMMA = YES;
				CLANG_WARN_CONSTANT_CONVERSION = YES;
				CLANG_WARN_DEPRECATED_OBJC_IMPLEMENTATIONS = YES;
				CLANG_WARN_DIRECT_OBJC_ISA_USAGE = YES_ERROR;
				CLANG_WARN_DOCUMENTATION_COMMENTS = YES;
				CLANG_WARN_EMPTY_BODY = YES;
				CLANG_WARN_ENUM_CONVERSION = YES;
				CLANG_WARN_INFINITE_RECURSION = YES;
				CLANG_WARN_INT_CONVERSION = YES;
				CLANG_WARN_NON_LITERAL_NULL_CONVERSION = YES;
				CLANG_WARN_OBJC_IMPLICIT_RETAIN_SELF = YES;
				CLANG_WARN_OBJC_LITERAL_CONVERSION = YES;
				CLANG_WARN_OBJC_ROOT_CLASS = YES_ERROR;
				CLANG_WARN_QUOTED_INCLUDE_IN_FRAMEWORK_HEADER = YES;
				CLANG_WARN_RANGE_LOOP_ANALYSIS = YES;
				CLANG_WARN_STRICT_PROTOTYPES = YES;
				CLANG_WARN_SUSPICIOUS_MOVE = YES;
				CLANG_WARN_UNGUARDED_AVAILABILITY = YES_AGGRESSIVE;
				CLANG_WARN_UNREACHABLE_CODE = YES;
				CLANG_WARN__DUPLICATE_METHOD_MATCH = YES;
				COPY_PHASE_STRIP = NO;
				DEBUG_INFORMATION_FORMAT = dwarf;
				ENABLE_STRICT_OBJC_MSGSEND = YES;
				ENABLE_TESTABILITY = YES;
				GCC_C_LANGUAGE_STANDARD = gnu11;
				GCC_DYNAMIC_NO_PIC = NO;
				GCC_NO_COMMON_BLOCKS = YES;
				GCC_OPTIMIZATION_LEVEL = 0;
				GCC_PREPROCESSOR_DEFINITIONS = (
					"DEBUG=1",
					"$(inherited)",
				);
				GCC_WARN_64_TO_32_BIT_CONVERSION = YES;
				GCC_WARN_ABOUT_RETURN_TYPE = YES_ERROR;
				GCC_WARN_UNDECLARED_SELECTOR = YES;
				GCC_WARN_UNINITIALIZED_AUTOS = YES_AGGRESSIVE;
				GCC_WARN_UNUSED_FUNCTION = YES;
				GCC_WARN_UNUSED_VARIABLE = YES;
				IPHONEOS_DEPLOYMENT_TARGET = 16.2;
				MTL_ENABLE_DEBUG_INFO = INCLUDE_SOURCE;
				MTL_FAST_MATH = YES;
				ONLY_ACTIVE_ARCH = YES;
				SDKROOT = iphoneos;
				SWIFT_ACTIVE_COMPILATION_CONDITIONS = DEBUG;
				SWIFT_OPTIMIZATION_LEVEL = "-Onone";
			};
			name = Debug;
		};
		DD2931C829B649C500C25590 /* Release */ = {
			isa = XCBuildConfiguration;
			buildSettings = {
				ALWAYS_SEARCH_USER_PATHS = NO;
				CLANG_ANALYZER_NONNULL = YES;
				CLANG_ANALYZER_NUMBER_OBJECT_CONVERSION = YES_AGGRESSIVE;
				CLANG_CXX_LANGUAGE_STANDARD = "gnu++20";
				CLANG_ENABLE_MODULES = YES;
				CLANG_ENABLE_OBJC_ARC = YES;
				CLANG_ENABLE_OBJC_WEAK = YES;
				CLANG_WARN_BLOCK_CAPTURE_AUTORELEASING = YES;
				CLANG_WARN_BOOL_CONVERSION = YES;
				CLANG_WARN_COMMA = YES;
				CLANG_WARN_CONSTANT_CONVERSION = YES;
				CLANG_WARN_DEPRECATED_OBJC_IMPLEMENTATIONS = YES;
				CLANG_WARN_DIRECT_OBJC_ISA_USAGE = YES_ERROR;
				CLANG_WARN_DOCUMENTATION_COMMENTS = YES;
				CLANG_WARN_EMPTY_BODY = YES;
				CLANG_WARN_ENUM_CONVERSION = YES;
				CLANG_WARN_INFINITE_RECURSION = YES;
				CLANG_WARN_INT_CONVERSION = YES;
				CLANG_WARN_NON_LITERAL_NULL_CONVERSION = YES;
				CLANG_WARN_OBJC_IMPLICIT_RETAIN_SELF = YES;
				CLANG_WARN_OBJC_LITERAL_CONVERSION = YES;
				CLANG_WARN_OBJC_ROOT_CLASS = YES_ERROR;
				CLANG_WARN_QUOTED_INCLUDE_IN_FRAMEWORK_HEADER = YES;
				CLANG_WARN_RANGE_LOOP_ANALYSIS = YES;
				CLANG_WARN_STRICT_PROTOTYPES = YES;
				CLANG_WARN_SUSPICIOUS_MOVE = YES;
				CLANG_WARN_UNGUARDED_AVAILABILITY = YES_AGGRESSIVE;
				CLANG_WARN_UNREACHABLE_CODE = YES;
				CLANG_WARN__DUPLICATE_METHOD_MATCH = YES;
				COPY_PHASE_STRIP = NO;
				DEBUG_INFORMATION_FORMAT = "dwarf-with-dsym";
				ENABLE_NS_ASSERTIONS = NO;
				ENABLE_STRICT_OBJC_MSGSEND = YES;
				GCC_C_LANGUAGE_STANDARD = gnu11;
				GCC_NO_COMMON_BLOCKS = YES;
				GCC_WARN_64_TO_32_BIT_CONVERSION = YES;
				GCC_WARN_ABOUT_RETURN_TYPE = YES_ERROR;
				GCC_WARN_UNDECLARED_SELECTOR = YES;
				GCC_WARN_UNINITIALIZED_AUTOS = YES_AGGRESSIVE;
				GCC_WARN_UNUSED_FUNCTION = YES;
				GCC_WARN_UNUSED_VARIABLE = YES;
				IPHONEOS_DEPLOYMENT_TARGET = 16.2;
				MTL_ENABLE_DEBUG_INFO = NO;
				MTL_FAST_MATH = YES;
				SDKROOT = iphoneos;
				SWIFT_COMPILATION_MODE = wholemodule;
				SWIFT_OPTIMIZATION_LEVEL = "-O";
				VALIDATE_PRODUCT = YES;
			};
			name = Release;
		};
		DD2931CA29B649C500C25590 /* Debug */ = {
			isa = XCBuildConfiguration;
			buildSettings = {
				ASSETCATALOG_COMPILER_APPICON_NAME = AppIcon;
				ASSETCATALOG_COMPILER_GLOBAL_ACCENT_COLOR_NAME = AccentColor;
				ASSETCATALOG_COMPILER_INCLUDE_ALL_APPICON_ASSETS = YES;
				CODE_SIGN_STYLE = Automatic;
				CURRENT_PROJECT_VERSION = 1;
				DEVELOPMENT_TEAM = JGQ676793B;
				GENERATE_INFOPLIST_FILE = YES;
				INFOPLIST_FILE = Flixter1.2/Info.plist;
				INFOPLIST_KEY_UIApplicationSupportsIndirectInputEvents = YES;
				INFOPLIST_KEY_UILaunchStoryboardName = LaunchScreen.storyboard;
				INFOPLIST_KEY_UIMainStoryboardFile = Main;
				INFOPLIST_KEY_UISupportedInterfaceOrientations_iPad = "UIInterfaceOrientationPortrait UIInterfaceOrientationPortraitUpsideDown UIInterfaceOrientationLandscapeLeft UIInterfaceOrientationLandscapeRight";
				INFOPLIST_KEY_UISupportedInterfaceOrientations_iPhone = "UIInterfaceOrientationPortrait UIInterfaceOrientationLandscapeLeft UIInterfaceOrientationLandscapeRight";
				LD_RUNPATH_SEARCH_PATHS = (
					"$(inherited)",
					"@executable_path/Frameworks",
				);
				MARKETING_VERSION = 1.0;
				PRODUCT_BUNDLE_IDENTIFIER = "JFOB.Flixter1-2";
				PRODUCT_NAME = "$(TARGET_NAME)";
				SWIFT_EMIT_LOC_STRINGS = YES;
				SWIFT_VERSION = 5.0;
				TARGETED_DEVICE_FAMILY = "1,2";
			};
			name = Debug;
		};
		DD2931CB29B649C500C25590 /* Release */ = {
			isa = XCBuildConfiguration;
			buildSettings = {
				ASSETCATALOG_COMPILER_APPICON_NAME = AppIcon;
				ASSETCATALOG_COMPILER_GLOBAL_ACCENT_COLOR_NAME = AccentColor;
				ASSETCATALOG_COMPILER_INCLUDE_ALL_APPICON_ASSETS = YES;
				CODE_SIGN_STYLE = Automatic;
				CURRENT_PROJECT_VERSION = 1;
				DEVELOPMENT_TEAM = JGQ676793B;
				GENERATE_INFOPLIST_FILE = YES;
				INFOPLIST_FILE = Flixter1.2/Info.plist;
				INFOPLIST_KEY_UIApplicationSupportsIndirectInputEvents = YES;
				INFOPLIST_KEY_UILaunchStoryboardName = LaunchScreen.storyboard;
				INFOPLIST_KEY_UIMainStoryboardFile = Main;
				INFOPLIST_KEY_UISupportedInterfaceOrientations_iPad = "UIInterfaceOrientationPortrait UIInterfaceOrientationPortraitUpsideDown UIInterfaceOrientationLandscapeLeft UIInterfaceOrientationLandscapeRight";
				INFOPLIST_KEY_UISupportedInterfaceOrientations_iPhone = "UIInterfaceOrientationPortrait UIInterfaceOrientationLandscapeLeft UIInterfaceOrientationLandscapeRight";
				LD_RUNPATH_SEARCH_PATHS = (
					"$(inherited)",
					"@executable_path/Frameworks",
				);
				MARKETING_VERSION = 1.0;
				PRODUCT_BUNDLE_IDENTIFIER = "JFOB.Flixter1-2";
				PRODUCT_NAME = "$(TARGET_NAME)";
				SWIFT_EMIT_LOC_STRINGS = YES;
				SWIFT_VERSION = 5.0;
				TARGETED_DEVICE_FAMILY = "1,2";
			};
			name = Release;
		};
/* End XCBuildConfiguration section */

/* Begin XCConfigurationList section */
		DD2931B029B649BF00C25590 /* Build configuration list for PBXProject "Flixter1.2" */ = {
			isa = XCConfigurationList;
			buildConfigurations = (
				DD2931C729B649C500C25590 /* Debug */,
				DD2931C829B649C500C25590 /* Release */,
			);
			defaultConfigurationIsVisible = 0;
			defaultConfigurationName = Release;
		};
		DD2931C929B649C500C25590 /* Build configuration list for PBXNativeTarget "Flixter1.2" */ = {
			isa = XCConfigurationList;
			buildConfigurations = (
				DD2931CA29B649C500C25590 /* Debug */,
				DD2931CB29B649C500C25590 /* Release */,
			);
			defaultConfigurationIsVisible = 0;
			defaultConfigurationName = Release;
		};
/* End XCConfigurationList section */

/* Begin XCRemoteSwiftPackageReference section */
		DD2931CC29B64A4300C25590 /* XCRemoteSwiftPackageReference "Alamofire" */ = {
			isa = XCRemoteSwiftPackageReference;
			repositoryURL = "https://github.com/Alamofire/Alamofire.git";
			requirement = {
				kind = upToNextMajorVersion;
				minimumVersion = 5.0.0;
			};
		};
		DD2931CF29B64AF400C25590 /* XCRemoteSwiftPackageReference "AlamofireImage" */ = {
			isa = XCRemoteSwiftPackageReference;
			repositoryURL = "https://github.com/Alamofire/AlamofireImage.git";
			requirement = {
				kind = upToNextMajorVersion;
				minimumVersion = 4.0.0;
			};
		};
		DD2931D429B65CF900C25590 /* XCRemoteSwiftPackageReference "Nuke" */ = {
			isa = XCRemoteSwiftPackageReference;
			repositoryURL = "https://github.com/kean/Nuke.git";
			requirement = {
				kind = upToNextMajorVersion;
				minimumVersion = 9.0.0;
			};
		};
/* End XCRemoteSwiftPackageReference section */

/* Begin XCSwiftPackageProductDependency section */
		DD2931CD29B64A4300C25590 /* Alamofire */ = {
			isa = XCSwiftPackageProductDependency;
			package = DD2931CC29B64A4300C25590 /* XCRemoteSwiftPackageReference "Alamofire" */;
			productName = Alamofire;
		};
		DD2931D029B64AF400C25590 /* AlamofireImage */ = {
			isa = XCSwiftPackageProductDependency;
			package = DD2931CF29B64AF400C25590 /* XCRemoteSwiftPackageReference "AlamofireImage" */;
			productName = AlamofireImage;
		};
		DD2931D529B65CF900C25590 /* Nuke */ = {
			isa = XCSwiftPackageProductDependency;
			package = DD2931D429B65CF900C25590 /* XCRemoteSwiftPackageReference "Nuke" */;
			productName = Nuke;
		};
/* End XCSwiftPackageProductDependency section */
	};
	rootObject = DD2931AD29B649BF00C25590 /* Project object */;
}
